
Microsoft Visual Studio Solution File, Format Version 12.00
# Visual Studio Version 16
VisualStudioVersion = 16.0.30717.126
MinimumVisualStudioVersion = 10.0.40219.1
Project("{FAE04EC0-301F-11D3-BF4B-00C04F79EFBC}") = "Neo4jproject", "Neo4jproject\Neo4jproject.csproj", "{82D37B04-7ED6-4B00-A41A-9A9D41959103}"
EndProject
Global
	GlobalSection(SolutionConfigurationPlatforms) = preSolution
		Debug|Any CPU = Debug|Any CPU
		Release|Any CPU = Release|Any CPU
	EndGlobalSection
	GlobalSection(ProjectConfigurationPlatforms) = postSolution
		{82D37B04-7ED6-4B00-A41A-9A9D41959103}.Debug|Any CPU.ActiveCfg = Debug|Any CPU
		{82D37B04-7ED6-4B00-A41A-9A9D41959103}.Debug|Any CPU.Build.0 = Debug|Any CPU
		{82D37B04-7ED6-4B00-A41A-9A9D41959103}.Release|Any CPU.ActiveCfg = Release|Any CPU
		{82D37B04-7ED6-4B00-A41A-9A9D41959103}.Release|Any CPU.Build.0 = Release|Any CPU
	EndGlobalSection
	GlobalSection(SolutionProperties) = preSolution
		HideSolutionNode = FALSE
	EndGlobalSection
	GlobalSection(ExtensibilityGlobals) = postSolution
		SolutionGuid = {D0CACEEF-D11E-49F8-9F27-435E9D39D4EE}
	EndGlobalSection
EndGlobal
